
Microsoft Visual Studio Solution File, Format Version 12.00
# Visual Studio 15
VisualStudioVersion = 15.0.28307.271
MinimumVisualStudioVersion = 10.0.40219.1
Project("{FAE04EC0-301F-11D3-BF4B-00C04F79EFBC}") = "HW1007_BounceBall", "HW1007_BounceBall\HW1007_BounceBall.csproj", "{CE787D1B-2693-4441-B148-52553E92E5D7}"
EndProject
Global
	GlobalSection(SolutionConfigurationPlatforms) = preSolution
		Debug|Any CPU = Debug|Any CPU
		Release|Any CPU = Release|Any CPU
	EndGlobalSection
	GlobalSection(ProjectConfigurationPlatforms) = postSolution
		{CE787D1B-2693-4441-B148-52553E92E5D7}.Debug|Any CPU.ActiveCfg = Debug|Any CPU
		{CE787D1B-2693-4441-B148-52553E92E5D7}.Debug|Any CPU.Build.0 = Debug|Any CPU
		{CE787D1B-2693-4441-B148-52553E92E5D7}.Release|Any CPU.ActiveCfg = Release|Any CPU
		{CE787D1B-2693-4441-B148-52553E92E5D7}.Release|Any CPU.Build.0 = Release|Any CPU
	EndGlobalSection
	GlobalSection(SolutionProperties) = preSolution
		HideSolutionNode = FALSE
	EndGlobalSection
	GlobalSection(ExtensibilityGlobals) = postSolution
		SolutionGuid = {CEEE98F9-D4A9-4296-A7E2-3A7E078AAB1A}
	EndGlobalSection
EndGlobal
